
Microsoft Visual Studio Solution File, Format Version 12.00
# Visual Studio Version 17
VisualStudioVersion = 17.8.34330.188
MinimumVisualStudioVersion = 10.0.40219.1
Project("{FAE04EC0-301F-11D3-BF4B-00C04F79EFBC}") = "Portfolio.Catalog.WebApi", "Portfolio.Catalog.WebApi.csproj", "{E304954E-2D2A-41BD-841F-EA62838D505E}"
EndProject
Global
	GlobalSection(SolutionConfigurationPlatforms) = preSolution
		Debug|Any CPU = Debug|Any CPU
		Release|Any CPU = Release|Any CPU
	EndGlobalSection
	GlobalSection(ProjectConfigurationPlatforms) = postSolution
		{E304954E-2D2A-41BD-841F-EA62838D505E}.Debug|Any CPU.ActiveCfg = Debug|Any CPU
		{E304954E-2D2A-41BD-841F-EA62838D505E}.Debug|Any CPU.Build.0 = Debug|Any CPU
		{E304954E-2D2A-41BD-841F-EA62838D505E}.Release|Any CPU.ActiveCfg = Release|Any CPU
		{E304954E-2D2A-41BD-841F-EA62838D505E}.Release|Any CPU.Build.0 = Release|Any CPU
	EndGlobalSection
	GlobalSection(SolutionProperties) = preSolution
		HideSolutionNode = FALSE
	EndGlobalSection
	GlobalSection(ExtensibilityGlobals) = postSolution
		SolutionGuid = {A75C6FEC-F5FA-42EC-9E42-924580F21FBB}
	EndGlobalSection
EndGlobal
